// !$*UTF8*$!
{
	archiveVersion = 1;
	classes = {
	};
	objectVersion = 52;
	objects = {

/* Begin PBXBuildFile section */
		BF0DDCA426C2FB22005D0412 /* View+Extensions.swift in Sources */ = {isa = PBXBuildFile; fileRef = BF0DDCA326C2FB22005D0412 /* View+Extensions.swift */; };
		BF0DDCAB26C3023B005D0412 /* MainViewMacOS.swift in Sources */ = {isa = PBXBuildFile; fileRef = BF0DDCA926C3023B005D0412 /* MainViewMacOS.swift */; };
		BF24840F26B5B29800F06413 /* SwiftSMTP in Frameworks */ = {isa = PBXBuildFile; productRef = BF24840E26B5B29800F06413 /* SwiftSMTP */; };
		BF2A865726BE6C090038C024 /* ExchangeDetailView.swift in Sources */ = {isa = PBXBuildFile; fileRef = BF2A865626BE6C090038C024 /* ExchangeDetailView.swift */; };
		BF2A865826BE6C090038C024 /* ExchangeDetailView.swift in Sources */ = {isa = PBXBuildFile; fileRef = BF2A865626BE6C090038C024 /* ExchangeDetailView.swift */; };
		BF2A865D26BE6D8C0038C024 /* GiftersTabView.swift in Sources */ = {isa = PBXBuildFile; fileRef = BF2A865C26BE6D8C0038C024 /* GiftersTabView.swift */; };
		BF2A865E26BE6D8C0038C024 /* GiftersTabView.swift in Sources */ = {isa = PBXBuildFile; fileRef = BF2A865C26BE6D8C0038C024 /* GiftersTabView.swift */; };
		BF2A866026BE6D9A0038C024 /* PreferencesTabView.swift in Sources */ = {isa = PBXBuildFile; fileRef = BF2A865F26BE6D9A0038C024 /* PreferencesTabView.swift */; };
		BF2A866126BE6D9A0038C024 /* PreferencesTabView.swift in Sources */ = {isa = PBXBuildFile; fileRef = BF2A865F26BE6D9A0038C024 /* PreferencesTabView.swift */; };
		BF2A866426BF8AB30038C024 /* NSManagedObject+Extensions.swift in Sources */ = {isa = PBXBuildFile; fileRef = BF2A866326BF8AB30038C024 /* NSManagedObject+Extensions.swift */; };
		BF2A866526BF8AB30038C024 /* NSManagedObject+Extensions.swift in Sources */ = {isa = PBXBuildFile; fileRef = BF2A866326BF8AB30038C024 /* NSManagedObject+Extensions.swift */; };
		BF2EF74F26C0E3840095B714 /* UserSettings.swift in Sources */ = {isa = PBXBuildFile; fileRef = BF2EF74E26C0E3840095B714 /* UserSettings.swift */; };
		BF2EF75026C0E3840095B714 /* UserSettings.swift in Sources */ = {isa = PBXBuildFile; fileRef = BF2EF74E26C0E3840095B714 /* UserSettings.swift */; };
		BF41128126B4ED6400BA7D4F /* SwiftSMTP in Frameworks */ = {isa = PBXBuildFile; productRef = BF41128026B4ED6400BA7D4F /* SwiftSMTP */; };
		BF6A696726CC5E6E005D480A /* ExchangeTabView.swift in Sources */ = {isa = PBXBuildFile; fileRef = BF6A696626CC5E6E005D480A /* ExchangeTabView.swift */; };
		BF6A696826CC5E6E005D480A /* ExchangeTabView.swift in Sources */ = {isa = PBXBuildFile; fileRef = BF6A696626CC5E6E005D480A /* ExchangeTabView.swift */; };
		BF8A4A5526CC9EF800EE2CCC /* MainView.swift in Sources */ = {isa = PBXBuildFile; fileRef = BF8A4A5426CC9EF800EE2CCC /* MainView.swift */; };
		BF8A4A5626CC9EF800EE2CCC /* MainView.swift in Sources */ = {isa = PBXBuildFile; fileRef = BF8A4A5426CC9EF800EE2CCC /* MainView.swift */; };
		BF8A4A5726CCA0DB00EE2CCC /* TestData.swift in Sources */ = {isa = PBXBuildFile; fileRef = BF9EF1F326BC690E00FD01B3 /* TestData.swift */; };
		BF8A4A5926CCA16200EE2CCC /* UIImage+Extensions.swift in Sources */ = {isa = PBXBuildFile; fileRef = BF8A4A5826CCA16200EE2CCC /* UIImage+Extensions.swift */; };
		BF9EF1F426BC690E00FD01B3 /* TestData.swift in Sources */ = {isa = PBXBuildFile; fileRef = BF9EF1F326BC690E00FD01B3 /* TestData.swift */; };
		BFAB346F26BDFD0800D460D8 /* Mailer.swift in Sources */ = {isa = PBXBuildFile; fileRef = BFAB346E26BDFD0800D460D8 /* Mailer.swift */; };
		BFAB347026BDFD0800D460D8 /* Mailer.swift in Sources */ = {isa = PBXBuildFile; fileRef = BFAB346E26BDFD0800D460D8 /* Mailer.swift */; };
		BFAB347226BE126400D460D8 /* Gifter+Extensions.swift in Sources */ = {isa = PBXBuildFile; fileRef = BFAB347126BE126400D460D8 /* Gifter+Extensions.swift */; };
		BFAB347326BE126400D460D8 /* Gifter+Extensions.swift in Sources */ = {isa = PBXBuildFile; fileRef = BFAB347126BE126400D460D8 /* Gifter+Extensions.swift */; };
		BFAB347526BE127500D460D8 /* GiftExchange+Extensions.swift in Sources */ = {isa = PBXBuildFile; fileRef = BFAB347426BE127500D460D8 /* GiftExchange+Extensions.swift */; };
		BFAB347626BE127500D460D8 /* GiftExchange+Extensions.swift in Sources */ = {isa = PBXBuildFile; fileRef = BFAB347426BE127500D460D8 /* GiftExchange+Extensions.swift */; };
		BFEB827226C30A0C004219E7 /* MainViewData.swift in Sources */ = {isa = PBXBuildFile; fileRef = BFEB827126C30A0C004219E7 /* MainViewData.swift */; };
		BFEB827326C30A0C004219E7 /* MainViewData.swift in Sources */ = {isa = PBXBuildFile; fileRef = BFEB827126C30A0C004219E7 /* MainViewData.swift */; };
		BFEB827626C354A5004219E7 /* Development.swift in Sources */ = {isa = PBXBuildFile; fileRef = BFEB827526C354A5004219E7 /* Development.swift */; };
		BFEB827726C354A5004219E7 /* Development.swift in Sources */ = {isa = PBXBuildFile; fileRef = BFEB827526C354A5004219E7 /* Development.swift */; };
		BFECF6AF26A24EF00012227F /* GifterStore.xcdatamodeld in Sources */ = {isa = PBXBuildFile; fileRef = BFECF69926A24EF00012227F /* GifterStore.xcdatamodeld */; };
		BFECF6B026A24EF00012227F /* GifterStore.xcdatamodeld in Sources */ = {isa = PBXBuildFile; fileRef = BFECF69926A24EF00012227F /* GifterStore.xcdatamodeld */; };
		BFECF6B126A24EF00012227F /* GifterApp.swift in Sources */ = {isa = PBXBuildFile; fileRef = BFECF69B26A24EF00012227F /* GifterApp.swift */; };
		BFECF6B226A24EF00012227F /* GifterApp.swift in Sources */ = {isa = PBXBuildFile; fileRef = BFECF69B26A24EF00012227F /* GifterApp.swift */; };
		BFECF6B326A24EF00012227F /* MainViewIOS.swift in Sources */ = {isa = PBXBuildFile; fileRef = BFECF69C26A24EF00012227F /* MainViewIOS.swift */; };
		BFECF6B526A24EF00012227F /* Persistence.swift in Sources */ = {isa = PBXBuildFile; fileRef = BFECF69D26A24EF00012227F /* Persistence.swift */; };
		BFECF6B626A24EF00012227F /* Persistence.swift in Sources */ = {isa = PBXBuildFile; fileRef = BFECF69D26A24EF00012227F /* Persistence.swift */; };
		BFECF6B726A24EF00012227F /* Assets.xcassets in Resources */ = {isa = PBXBuildFile; fileRef = BFECF69E26A24EF00012227F /* Assets.xcassets */; };
		BFECF6B826A24EF00012227F /* Assets.xcassets in Resources */ = {isa = PBXBuildFile; fileRef = BFECF69E26A24EF00012227F /* Assets.xcassets */; };
		BFF8120726C042CF00834B50 /* GiftExchangeFormView.swift in Sources */ = {isa = PBXBuildFile; fileRef = BFF8120626C042CF00834B50 /* GiftExchangeFormView.swift */; };
		BFF8120826C042CF00834B50 /* GiftExchangeFormView.swift in Sources */ = {isa = PBXBuildFile; fileRef = BFF8120626C042CF00834B50 /* GiftExchangeFormView.swift */; };
		BFF8122C26C04FED00834B50 /* GiftExchangeFormData.swift in Sources */ = {isa = PBXBuildFile; fileRef = BFF8122B26C04FED00834B50 /* GiftExchangeFormData.swift */; };
		BFF8122D26C04FED00834B50 /* GiftExchangeFormData.swift in Sources */ = {isa = PBXBuildFile; fileRef = BFF8122B26C04FED00834B50 /* GiftExchangeFormData.swift */; };
		BFF8122F26C0505E00834B50 /* SwiftUI+Validation.swift in Sources */ = {isa = PBXBuildFile; fileRef = BFF8122E26C0505E00834B50 /* SwiftUI+Validation.swift */; };
		BFF8123026C0505E00834B50 /* SwiftUI+Validation.swift in Sources */ = {isa = PBXBuildFile; fileRef = BFF8122E26C0505E00834B50 /* SwiftUI+Validation.swift */; };
		BFF8123426C0506A00834B50 /* Validation.swift in Sources */ = {isa = PBXBuildFile; fileRef = BFF8123126C0506900834B50 /* Validation.swift */; };
		BFF8123526C0506A00834B50 /* Validation.swift in Sources */ = {isa = PBXBuildFile; fileRef = BFF8123126C0506900834B50 /* Validation.swift */; };
		BFF8123626C0506A00834B50 /* Publisher+Validation.swift in Sources */ = {isa = PBXBuildFile; fileRef = BFF8123226C0506A00834B50 /* Publisher+Validation.swift */; };
		BFF8123726C0506A00834B50 /* Publisher+Validation.swift in Sources */ = {isa = PBXBuildFile; fileRef = BFF8123226C0506A00834B50 /* Publisher+Validation.swift */; };
		BFF8123826C0506A00834B50 /* ValidationPublishers.swift in Sources */ = {isa = PBXBuildFile; fileRef = BFF8123326C0506A00834B50 /* ValidationPublishers.swift */; };
		BFF8123926C0506A00834B50 /* ValidationPublishers.swift in Sources */ = {isa = PBXBuildFile; fileRef = BFF8123326C0506A00834B50 /* ValidationPublishers.swift */; };
		BFF8123C26C051B100834B50 /* Regex in Frameworks */ = {isa = PBXBuildFile; productRef = BFF8123B26C051B100834B50 /* Regex */; };
		BFF8123E26C051CE00834B50 /* Regex in Frameworks */ = {isa = PBXBuildFile; productRef = BFF8123D26C051CE00834B50 /* Regex */; };
		BFF8124326C079A800834B50 /* Date+Extensions.swift in Sources */ = {isa = PBXBuildFile; fileRef = BFF8124226C079A800834B50 /* Date+Extensions.swift */; };
		BFF8124426C079A800834B50 /* Date+Extensions.swift in Sources */ = {isa = PBXBuildFile; fileRef = BFF8124226C079A800834B50 /* Date+Extensions.swift */; };
/* End PBXBuildFile section */

/* Begin PBXFileReference section */
		BF0DDCA326C2FB22005D0412 /* View+Extensions.swift */ = {isa = PBXFileReference; lastKnownFileType = sourcecode.swift; path = "View+Extensions.swift"; sourceTree = "<group>"; };
		BF0DDCA926C3023B005D0412 /* MainViewMacOS.swift */ = {isa = PBXFileReference; fileEncoding = 4; lastKnownFileType = sourcecode.swift; path = MainViewMacOS.swift; sourceTree = "<group>"; };
		BF2A865626BE6C090038C024 /* ExchangeDetailView.swift */ = {isa = PBXFileReference; lastKnownFileType = sourcecode.swift; path = ExchangeDetailView.swift; sourceTree = "<group>"; };
		BF2A865C26BE6D8C0038C024 /* GiftersTabView.swift */ = {isa = PBXFileReference; lastKnownFileType = sourcecode.swift; path = GiftersTabView.swift; sourceTree = "<group>"; };
		BF2A865F26BE6D9A0038C024 /* PreferencesTabView.swift */ = {isa = PBXFileReference; lastKnownFileType = sourcecode.swift; path = PreferencesTabView.swift; sourceTree = "<group>"; };
		BF2A866326BF8AB30038C024 /* NSManagedObject+Extensions.swift */ = {isa = PBXFileReference; fileEncoding = 4; lastKnownFileType = sourcecode.swift; path = "NSManagedObject+Extensions.swift"; sourceTree = "<group>"; };
		BF2EF74E26C0E3840095B714 /* UserSettings.swift */ = {isa = PBXFileReference; lastKnownFileType = sourcecode.swift; path = UserSettings.swift; sourceTree = "<group>"; };
		BF6A696626CC5E6E005D480A /* ExchangeTabView.swift */ = {isa = PBXFileReference; fileEncoding = 4; lastKnownFileType = sourcecode.swift; path = ExchangeTabView.swift; sourceTree = "<group>"; };
		BF8A4A5426CC9EF800EE2CCC /* MainView.swift */ = {isa = PBXFileReference; lastKnownFileType = sourcecode.swift; path = MainView.swift; sourceTree = "<group>"; };
		BF8A4A5826CCA16200EE2CCC /* UIImage+Extensions.swift */ = {isa = PBXFileReference; lastKnownFileType = sourcecode.swift; path = "UIImage+Extensions.swift"; sourceTree = "<group>"; };
		BF9EF1F326BC690E00FD01B3 /* TestData.swift */ = {isa = PBXFileReference; lastKnownFileType = sourcecode.swift; path = TestData.swift; sourceTree = "<group>"; };
		BFAB346E26BDFD0800D460D8 /* Mailer.swift */ = {isa = PBXFileReference; lastKnownFileType = sourcecode.swift; path = Mailer.swift; sourceTree = "<group>"; };
		BFAB347126BE126400D460D8 /* Gifter+Extensions.swift */ = {isa = PBXFileReference; lastKnownFileType = sourcecode.swift; path = "Gifter+Extensions.swift"; sourceTree = "<group>"; };
		BFAB347426BE127500D460D8 /* GiftExchange+Extensions.swift */ = {isa = PBXFileReference; lastKnownFileType = sourcecode.swift; path = "GiftExchange+Extensions.swift"; sourceTree = "<group>"; };
		BFEB827126C30A0C004219E7 /* MainViewData.swift */ = {isa = PBXFileReference; lastKnownFileType = sourcecode.swift; path = MainViewData.swift; sourceTree = "<group>"; };
		BFEB827526C354A5004219E7 /* Development.swift */ = {isa = PBXFileReference; lastKnownFileType = sourcecode.swift; path = Development.swift; sourceTree = "<group>"; };
		BFECF69A26A24EF00012227F /* Shared.xcdatamodel */ = {isa = PBXFileReference; lastKnownFileType = wrapper.xcdatamodel; path = Shared.xcdatamodel; sourceTree = "<group>"; };
		BFECF69B26A24EF00012227F /* GifterApp.swift */ = {isa = PBXFileReference; lastKnownFileType = sourcecode.swift; path = GifterApp.swift; sourceTree = "<group>"; };
		BFECF69C26A24EF00012227F /* MainViewIOS.swift */ = {isa = PBXFileReference; lastKnownFileType = sourcecode.swift; path = MainViewIOS.swift; sourceTree = "<group>"; };
		BFECF69D26A24EF00012227F /* Persistence.swift */ = {isa = PBXFileReference; lastKnownFileType = sourcecode.swift; path = Persistence.swift; sourceTree = "<group>"; };
		BFECF69E26A24EF00012227F /* Assets.xcassets */ = {isa = PBXFileReference; lastKnownFileType = folder.assetcatalog; path = Assets.xcassets; sourceTree = "<group>"; };
		BFECF6A326A24EF00012227F /* Gifter.app */ = {isa = PBXFileReference; explicitFileType = wrapper.application; includeInIndex = 0; path = Gifter.app; sourceTree = BUILT_PRODUCTS_DIR; };
		BFECF6A626A24EF00012227F /* Info.plist */ = {isa = PBXFileReference; lastKnownFileType = text.plist.xml; path = Info.plist; sourceTree = "<group>"; };
		BFECF6AB26A24EF00012227F /* Gifter.app */ = {isa = PBXFileReference; explicitFileType = wrapper.application; includeInIndex = 0; path = Gifter.app; sourceTree = BUILT_PRODUCTS_DIR; };
		BFECF6AD26A24EF00012227F /* Info.plist */ = {isa = PBXFileReference; lastKnownFileType = text.plist.xml; path = Info.plist; sourceTree = "<group>"; };
		BFECF6AE26A24EF00012227F /* macOS.entitlements */ = {isa = PBXFileReference; lastKnownFileType = text.plist.entitlements; path = macOS.entitlements; sourceTree = "<group>"; };
		BFF8120626C042CF00834B50 /* GiftExchangeFormView.swift */ = {isa = PBXFileReference; lastKnownFileType = sourcecode.swift; path = GiftExchangeFormView.swift; sourceTree = "<group>"; };
		BFF8122B26C04FED00834B50 /* GiftExchangeFormData.swift */ = {isa = PBXFileReference; fileEncoding = 4; lastKnownFileType = sourcecode.swift; path = GiftExchangeFormData.swift; sourceTree = "<group>"; };
		BFF8122E26C0505E00834B50 /* SwiftUI+Validation.swift */ = {isa = PBXFileReference; fileEncoding = 4; lastKnownFileType = sourcecode.swift; path = "SwiftUI+Validation.swift"; sourceTree = "<group>"; };
		BFF8123126C0506900834B50 /* Validation.swift */ = {isa = PBXFileReference; fileEncoding = 4; lastKnownFileType = sourcecode.swift; path = Validation.swift; sourceTree = "<group>"; };
		BFF8123226C0506A00834B50 /* Publisher+Validation.swift */ = {isa = PBXFileReference; fileEncoding = 4; lastKnownFileType = sourcecode.swift; path = "Publisher+Validation.swift"; sourceTree = "<group>"; };
		BFF8123326C0506A00834B50 /* ValidationPublishers.swift */ = {isa = PBXFileReference; fileEncoding = 4; lastKnownFileType = sourcecode.swift; path = ValidationPublishers.swift; sourceTree = "<group>"; };
		BFF8124226C079A800834B50 /* Date+Extensions.swift */ = {isa = PBXFileReference; lastKnownFileType = sourcecode.swift; path = "Date+Extensions.swift"; sourceTree = "<group>"; };
/* End PBXFileReference section */

/* Begin PBXFrameworksBuildPhase section */
		BFECF6A026A24EF00012227F /* Frameworks */ = {
			isa = PBXFrameworksBuildPhase;
			buildActionMask = 2147483647;
			files = (
				BFF8123C26C051B100834B50 /* Regex in Frameworks */,
				BF41128126B4ED6400BA7D4F /* SwiftSMTP in Frameworks */,
			);
			runOnlyForDeploymentPostprocessing = 0;
		};
		BFECF6A826A24EF00012227F /* Frameworks */ = {
			isa = PBXFrameworksBuildPhase;
			buildActionMask = 2147483647;
			files = (
				BFF8123E26C051CE00834B50 /* Regex in Frameworks */,
				BF24840F26B5B29800F06413 /* SwiftSMTP in Frameworks */,
			);
			runOnlyForDeploymentPostprocessing = 0;
		};
/* End PBXFrameworksBuildPhase section */

/* Begin PBXGroup section */
		BF24840D26B5B29800F06413 /* Frameworks */ = {
			isa = PBXGroup;
			children = (
			);
			name = Frameworks;
			sourceTree = "<group>";
		};
		BFEB827426C353E2004219E7 /* Development */ = {
			isa = PBXGroup;
			children = (
				BFEB827526C354A5004219E7 /* Development.swift */,
			);
			name = Development;
			sourceTree = "<group>";
		};
		BFECF69326A24EEF0012227F = {
			isa = PBXGroup;
			children = (
				BFECF69826A24EEF0012227F /* Shared */,
				BFECF6A526A24EF00012227F /* iOS */,
				BFECF6AC26A24EF00012227F /* macOS */,
				BFECF6A426A24EF00012227F /* Products */,
				BF24840D26B5B29800F06413 /* Frameworks */,
			);
			sourceTree = "<group>";
		};
		BFECF69826A24EEF0012227F /* Shared */ = {
			isa = PBXGroup;
			children = (
				BFF8122126C0465400834B50 /* SwiftUI Views */,
				BFF8122626C0475D00834B50 /* Model */,
				BFF8122926C047FC00834B50 /* Helpers */,
				BFF8122A26C0480500834B50 /* Data */,
				BFECF69E26A24EF00012227F /* Assets.xcassets */,
			);
			path = Shared;
			sourceTree = "<group>";
		};
		BFECF6A426A24EF00012227F /* Products */ = {
			isa = PBXGroup;
			children = (
				BFECF6A326A24EF00012227F /* Gifter.app */,
				BFECF6AB26A24EF00012227F /* Gifter.app */,
			);
			name = Products;
			sourceTree = "<group>";
		};
		BFECF6A526A24EF00012227F /* iOS */ = {
			isa = PBXGroup;
			children = (
				BFECF69C26A24EF00012227F /* MainViewIOS.swift */,
				BF0DDCA326C2FB22005D0412 /* View+Extensions.swift */,
				BFECF6A626A24EF00012227F /* Info.plist */,
			);
			path = iOS;
			sourceTree = "<group>";
		};
		BFECF6AC26A24EF00012227F /* macOS */ = {
			isa = PBXGroup;
			children = (
				BF0DDCA926C3023B005D0412 /* MainViewMacOS.swift */,
				BF8A4A5826CCA16200EE2CCC /* UIImage+Extensions.swift */,
				BFECF6AD26A24EF00012227F /* Info.plist */,
				BFECF6AE26A24EF00012227F /* macOS.entitlements */,
			);
			path = macOS;
			sourceTree = "<group>";
		};
		BFF8122126C0465400834B50 /* SwiftUI Views */ = {
			isa = PBXGroup;
			children = (
				BFECF69B26A24EF00012227F /* GifterApp.swift */,
				BFF8120626C042CF00834B50 /* GiftExchangeFormView.swift */,
				BF8A4A5426CC9EF800EE2CCC /* MainView.swift */,
				BFF8122426C046D200834B50 /* Exchange Tab */,
				BFF8122326C046B200834B50 /* Gifters Tab */,
				BFF8122226C0469800834B50 /* Preferences Tab */,
			);
			path = "SwiftUI Views";
			sourceTree = "<group>";
		};
		BFF8122226C0469800834B50 /* Preferences Tab */ = {
			isa = PBXGroup;
			children = (
				BF2A865F26BE6D9A0038C024 /* PreferencesTabView.swift */,
			);
			name = "Preferences Tab";
			sourceTree = "<group>";
		};
		BFF8122326C046B200834B50 /* Gifters Tab */ = {
			isa = PBXGroup;
			children = (
				BF2A865C26BE6D8C0038C024 /* GiftersTabView.swift */,
			);
			name = "Gifters Tab";
			sourceTree = "<group>";
		};
		BFF8122426C046D200834B50 /* Exchange Tab */ = {
			isa = PBXGroup;
			children = (
				BF6A696626CC5E6E005D480A /* ExchangeTabView.swift */,
				BF2A865626BE6C090038C024 /* ExchangeDetailView.swift */,
			);
			name = "Exchange Tab";
			sourceTree = "<group>";
		};
		BFF8122626C0475D00834B50 /* Model */ = {
			isa = PBXGroup;
			children = (
				BFEB827126C30A0C004219E7 /* MainViewData.swift */,
				BFF8122B26C04FED00834B50 /* GiftExchangeFormData.swift */,
				BFAB346E26BDFD0800D460D8 /* Mailer.swift */,
				BFF8122826C0479A00834B50 /* CoreData */,
				BFF8122726C0479200834B50 /* Custom Classes */,
				BFEB827426C353E2004219E7 /* Development */,
			);
			path = Model;
			sourceTree = "<group>";
		};
		BFF8122726C0479200834B50 /* Custom Classes */ = {
			isa = PBXGroup;
			children = (
				BFAB347126BE126400D460D8 /* Gifter+Extensions.swift */,
				BFAB347426BE127500D460D8 /* GiftExchange+Extensions.swift */,
				BF2EF74E26C0E3840095B714 /* UserSettings.swift */,
			);
			name = "Custom Classes";
			sourceTree = "<group>";
		};
		BFF8122826C0479A00834B50 /* CoreData */ = {
			isa = PBXGroup;
			children = (
				BFECF69D26A24EF00012227F /* Persistence.swift */,
				BFECF69926A24EF00012227F /* GifterStore.xcdatamodeld */,
			);
			name = CoreData;
			sourceTree = "<group>";
		};
		BFF8122926C047FC00834B50 /* Helpers */ = {
			isa = PBXGroup;
			children = (
				BFF8122E26C0505E00834B50 /* SwiftUI+Validation.swift */,
				BFF8123126C0506900834B50 /* Validation.swift */,
				BFF8123326C0506A00834B50 /* ValidationPublishers.swift */,
				BFF8123226C0506A00834B50 /* Publisher+Validation.swift */,
				BFF8124226C079A800834B50 /* Date+Extensions.swift */,
				BF2A866326BF8AB30038C024 /* NSManagedObject+Extensions.swift */,
			);
			path = Helpers;
			sourceTree = "<group>";
		};
		BFF8122A26C0480500834B50 /* Data */ = {
			isa = PBXGroup;
			children = (
				BF9EF1F326BC690E00FD01B3 /* TestData.swift */,
			);
			path = Data;
			sourceTree = "<group>";
		};
/* End PBXGroup section */

/* Begin PBXNativeTarget section */
		BFECF6A226A24EF00012227F /* Gifter (iOS) */ = {
			isa = PBXNativeTarget;
			buildConfigurationList = BFECF6BB26A24EF00012227F /* Build configuration list for PBXNativeTarget "Gifter (iOS)" */;
			buildPhases = (
				BFECF69F26A24EF00012227F /* Sources */,
				BFECF6A026A24EF00012227F /* Frameworks */,
				BFECF6A126A24EF00012227F /* Resources */,
			);
			buildRules = (
			);
			dependencies = (
			);
			name = "Gifter (iOS)";
			packageProductDependencies = (
				BF41128026B4ED6400BA7D4F /* SwiftSMTP */,
				BFF8123B26C051B100834B50 /* Regex */,
			);
			productName = "Gifter (iOS)";
			productReference = BFECF6A326A24EF00012227F /* Gifter.app */;
			productType = "com.apple.product-type.application";
		};
		BFECF6AA26A24EF00012227F /* Gifter (macOS) */ = {
			isa = PBXNativeTarget;
			buildConfigurationList = BFECF6BE26A24EF00012227F /* Build configuration list for PBXNativeTarget "Gifter (macOS)" */;
			buildPhases = (
				BFECF6A726A24EF00012227F /* Sources */,
				BFECF6A826A24EF00012227F /* Frameworks */,
				BFECF6A926A24EF00012227F /* Resources */,
			);
			buildRules = (
			);
			dependencies = (
			);
			name = "Gifter (macOS)";
			packageProductDependencies = (
				BF24840E26B5B29800F06413 /* SwiftSMTP */,
				BFF8123D26C051CE00834B50 /* Regex */,
			);
			productName = "Gifter (macOS)";
			productReference = BFECF6AB26A24EF00012227F /* Gifter.app */;
			productType = "com.apple.product-type.application";
		};
/* End PBXNativeTarget section */

/* Begin PBXProject section */
		BFECF69426A24EEF0012227F /* Project object */ = {
			isa = PBXProject;
			attributes = {
				LastSwiftUpdateCheck = 1250;
				LastUpgradeCheck = 1250;
				TargetAttributes = {
					BFECF6A226A24EF00012227F = {
						CreatedOnToolsVersion = 12.5.1;
					};
					BFECF6AA26A24EF00012227F = {
						CreatedOnToolsVersion = 12.5.1;
					};
				};
			};
			buildConfigurationList = BFECF69726A24EEF0012227F /* Build configuration list for PBXProject "Gifter" */;
			compatibilityVersion = "Xcode 9.3";
			developmentRegion = en;
			hasScannedForEncodings = 0;
			knownRegions = (
				en,
				Base,
			);
			mainGroup = BFECF69326A24EEF0012227F;
			packageReferences = (
				BF41127F26B4ED6400BA7D4F /* XCRemoteSwiftPackageReference "Swift-SMTP" */,
				BFF8123A26C051B100834B50 /* XCRemoteSwiftPackageReference "Regex" */,
			);
			productRefGroup = BFECF6A426A24EF00012227F /* Products */;
			projectDirPath = "";
			projectRoot = "";
			targets = (
				BFECF6A226A24EF00012227F /* Gifter (iOS) */,
				BFECF6AA26A24EF00012227F /* Gifter (macOS) */,
			);
		};
/* End PBXProject section */

/* Begin PBXResourcesBuildPhase section */
		BFECF6A126A24EF00012227F /* Resources */ = {
			isa = PBXResourcesBuildPhase;
			buildActionMask = 2147483647;
			files = (
				BFECF6B726A24EF00012227F /* Assets.xcassets in Resources */,
			);
			runOnlyForDeploymentPostprocessing = 0;
		};
		BFECF6A926A24EF00012227F /* Resources */ = {
			isa = PBXResourcesBuildPhase;
			buildActionMask = 2147483647;
			files = (
				BFECF6B826A24EF00012227F /* Assets.xcassets in Resources */,
			);
			runOnlyForDeploymentPostprocessing = 0;
		};
/* End PBXResourcesBuildPhase section */

/* Begin PBXSourcesBuildPhase section */
		BFECF69F26A24EF00012227F /* Sources */ = {
			isa = PBXSourcesBuildPhase;
			buildActionMask = 2147483647;
			files = (
				BFF8122C26C04FED00834B50 /* GiftExchangeFormData.swift in Sources */,
				BFEB827226C30A0C004219E7 /* MainViewData.swift in Sources */,
				BFAB347526BE127500D460D8 /* GiftExchange+Extensions.swift in Sources */,
				BF0DDCA426C2FB22005D0412 /* View+Extensions.swift in Sources */,
				BF2A865726BE6C090038C024 /* ExchangeDetailView.swift in Sources */,
				BFF8120726C042CF00834B50 /* GiftExchangeFormView.swift in Sources */,
				BF2EF74F26C0E3840095B714 /* UserSettings.swift in Sources */,
				BFF8122F26C0505E00834B50 /* SwiftUI+Validation.swift in Sources */,
				BFEB827626C354A5004219E7 /* Development.swift in Sources */,
				BFECF6B126A24EF00012227F /* GifterApp.swift in Sources */,
				BF2A866426BF8AB30038C024 /* NSManagedObject+Extensions.swift in Sources */,
				BFECF6B526A24EF00012227F /* Persistence.swift in Sources */,
				BFECF6AF26A24EF00012227F /* GifterStore.xcdatamodeld in Sources */,
				BFF8123426C0506A00834B50 /* Validation.swift in Sources */,
				BFAB347226BE126400D460D8 /* Gifter+Extensions.swift in Sources */,
				BF6A696726CC5E6E005D480A /* ExchangeTabView.swift in Sources */,
				BFF8123626C0506A00834B50 /* Publisher+Validation.swift in Sources */,
				BF9EF1F426BC690E00FD01B3 /* TestData.swift in Sources */,
				BF8A4A5526CC9EF800EE2CCC /* MainView.swift in Sources */,
				BFF8124326C079A800834B50 /* Date+Extensions.swift in Sources */,
				BFECF6B326A24EF00012227F /* MainViewIOS.swift in Sources */,
				BF2A865D26BE6D8C0038C024 /* GiftersTabView.swift in Sources */,
				BFF8123826C0506A00834B50 /* ValidationPublishers.swift in Sources */,
				BFAB346F26BDFD0800D460D8 /* Mailer.swift in Sources */,
				BF2A866026BE6D9A0038C024 /* PreferencesTabView.swift in Sources */,
			);
			runOnlyForDeploymentPostprocessing = 0;
		};
		BFECF6A726A24EF00012227F /* Sources */ = {
			isa = PBXSourcesBuildPhase;
			buildActionMask = 2147483647;
			files = (
				BFECF6B226A24EF00012227F /* GifterApp.swift in Sources */,
				BF8A4A5626CC9EF800EE2CCC /* MainView.swift in Sources */,
				BF2A865E26BE6D8C0038C024 /* GiftersTabView.swift in Sources */,
				BF8A4A5926CCA16200EE2CCC /* UIImage+Extensions.swift in Sources */,
				BF2A866126BE6D9A0038C024 /* PreferencesTabView.swift in Sources */,
				BFF8120826C042CF00834B50 /* GiftExchangeFormView.swift in Sources */,
				BFECF6B626A24EF00012227F /* Persistence.swift in Sources */,
				BFF8123526C0506A00834B50 /* Validation.swift in Sources */,
				BFECF6B026A24EF00012227F /* GifterStore.xcdatamodeld in Sources */,
				BFF8123026C0505E00834B50 /* SwiftUI+Validation.swift in Sources */,
				BFF8124426C079A800834B50 /* Date+Extensions.swift in Sources */,
				BF6A696826CC5E6E005D480A /* ExchangeTabView.swift in Sources */,
				BFF8122D26C04FED00834B50 /* GiftExchangeFormData.swift in Sources */,
				BF2A865826BE6C090038C024 /* ExchangeDetailView.swift in Sources */,
				BF0DDCAB26C3023B005D0412 /* MainViewMacOS.swift in Sources */,
				BFF8123926C0506A00834B50 /* ValidationPublishers.swift in Sources */,
				BF2EF75026C0E3840095B714 /* UserSettings.swift in Sources */,
				BF8A4A5726CCA0DB00EE2CCC /* TestData.swift in Sources */,
				BFAB347626BE127500D460D8 /* GiftExchange+Extensions.swift in Sources */,
				BFF8123726C0506A00834B50 /* Publisher+Validation.swift in Sources */,
				BFEB827326C30A0C004219E7 /* MainViewData.swift in Sources */,
				BFAB347326BE126400D460D8 /* Gifter+Extensions.swift in Sources */,
				BF2A866526BF8AB30038C024 /* NSManagedObject+Extensions.swift in Sources */,
				BFAB347026BDFD0800D460D8 /* Mailer.swift in Sources */,
				BFEB827726C354A5004219E7 /* Development.swift in Sources */,
			);
			runOnlyForDeploymentPostprocessing = 0;
		};
/* End PBXSourcesBuildPhase section */

/* Begin XCBuildConfiguration section */
		BFECF6B926A24EF00012227F /* Debug */ = {
			isa = XCBuildConfiguration;
			buildSettings = {
				ALWAYS_SEARCH_USER_PATHS = NO;
				CLANG_ANALYZER_NONNULL = YES;
				CLANG_ANALYZER_NUMBER_OBJECT_CONVERSION = YES_AGGRESSIVE;
				CLANG_CXX_LANGUAGE_STANDARD = "gnu++14";
				CLANG_CXX_LIBRARY = "libc++";
				CLANG_ENABLE_MODULES = YES;
				CLANG_ENABLE_OBJC_ARC = YES;
				CLANG_ENABLE_OBJC_WEAK = YES;
				CLANG_WARN_BLOCK_CAPTURE_AUTORELEASING = YES;
				CLANG_WARN_BOOL_CONVERSION = YES;
				CLANG_WARN_COMMA = YES;
				CLANG_WARN_CONSTANT_CONVERSION = YES;
				CLANG_WARN_DEPRECATED_OBJC_IMPLEMENTATIONS = YES;
				CLANG_WARN_DIRECT_OBJC_ISA_USAGE = YES_ERROR;
				CLANG_WARN_DOCUMENTATION_COMMENTS = YES;
				CLANG_WARN_EMPTY_BODY = YES;
				CLANG_WARN_ENUM_CONVERSION = YES;
				CLANG_WARN_INFINITE_RECURSION = YES;
				CLANG_WARN_INT_CONVERSION = YES;
				CLANG_WARN_NON_LITERAL_NULL_CONVERSION = YES;
				CLANG_WARN_OBJC_IMPLICIT_RETAIN_SELF = YES;
				CLANG_WARN_OBJC_LITERAL_CONVERSION = YES;
				CLANG_WARN_OBJC_ROOT_CLASS = YES_ERROR;
				CLANG_WARN_QUOTED_INCLUDE_IN_FRAMEWORK_HEADER = YES;
				CLANG_WARN_RANGE_LOOP_ANALYSIS = YES;
				CLANG_WARN_STRICT_PROTOTYPES = YES;
				CLANG_WARN_SUSPICIOUS_MOVE = YES;
				CLANG_WARN_UNGUARDED_AVAILABILITY = YES_AGGRESSIVE;
				CLANG_WARN_UNREACHABLE_CODE = YES;
				CLANG_WARN__DUPLICATE_METHOD_MATCH = YES;
				COPY_PHASE_STRIP = NO;
				DEBUG_INFORMATION_FORMAT = dwarf;
				ENABLE_STRICT_OBJC_MSGSEND = YES;
				ENABLE_TESTABILITY = YES;
				FRAMEWORK_SEARCH_PATHS = "$(SRCROOT)/**";
				GCC_C_LANGUAGE_STANDARD = gnu11;
				GCC_DYNAMIC_NO_PIC = NO;
				GCC_NO_COMMON_BLOCKS = YES;
				GCC_OPTIMIZATION_LEVEL = 0;
				GCC_PREPROCESSOR_DEFINITIONS = (
					"DEBUG=1",
					"$(inherited)",
				);
				GCC_WARN_64_TO_32_BIT_CONVERSION = YES;
				GCC_WARN_ABOUT_RETURN_TYPE = YES_ERROR;
				GCC_WARN_UNDECLARED_SELECTOR = YES;
				GCC_WARN_UNINITIALIZED_AUTOS = YES_AGGRESSIVE;
				GCC_WARN_UNUSED_FUNCTION = YES;
				GCC_WARN_UNUSED_VARIABLE = YES;
				MTL_ENABLE_DEBUG_INFO = INCLUDE_SOURCE;
				MTL_FAST_MATH = YES;
				ONLY_ACTIVE_ARCH = YES;
				SWIFT_ACTIVE_COMPILATION_CONDITIONS = DEBUG;
				SWIFT_OPTIMIZATION_LEVEL = "-Onone";
			};
			name = Debug;
		};
		BFECF6BA26A24EF00012227F /* Release */ = {
			isa = XCBuildConfiguration;
			buildSettings = {
				ALWAYS_SEARCH_USER_PATHS = NO;
				CLANG_ANALYZER_NONNULL = YES;
				CLANG_ANALYZER_NUMBER_OBJECT_CONVERSION = YES_AGGRESSIVE;
				CLANG_CXX_LANGUAGE_STANDARD = "gnu++14";
				CLANG_CXX_LIBRARY = "libc++";
				CLANG_ENABLE_MODULES = YES;
				CLANG_ENABLE_OBJC_ARC = YES;
				CLANG_ENABLE_OBJC_WEAK = YES;
				CLANG_WARN_BLOCK_CAPTURE_AUTORELEASING = YES;
				CLANG_WARN_BOOL_CONVERSION = YES;
				CLANG_WARN_COMMA = YES;
				CLANG_WARN_CONSTANT_CONVERSION = YES;
				CLANG_WARN_DEPRECATED_OBJC_IMPLEMENTATIONS = YES;
				CLANG_WARN_DIRECT_OBJC_ISA_USAGE = YES_ERROR;
				CLANG_WARN_DOCUMENTATION_COMMENTS = YES;
				CLANG_WARN_EMPTY_BODY = YES;
				CLANG_WARN_ENUM_CONVERSION = YES;
				CLANG_WARN_INFINITE_RECURSION = YES;
				CLANG_WARN_INT_CONVERSION = YES;
				CLANG_WARN_NON_LITERAL_NULL_CONVERSION = YES;
				CLANG_WARN_OBJC_IMPLICIT_RETAIN_SELF = YES;
				CLANG_WARN_OBJC_LITERAL_CONVERSION = YES;
				CLANG_WARN_OBJC_ROOT_CLASS = YES_ERROR;
				CLANG_WARN_QUOTED_INCLUDE_IN_FRAMEWORK_HEADER = YES;
				CLANG_WARN_RANGE_LOOP_ANALYSIS = YES;
				CLANG_WARN_STRICT_PROTOTYPES = YES;
				CLANG_WARN_SUSPICIOUS_MOVE = YES;
				CLANG_WARN_UNGUARDED_AVAILABILITY = YES_AGGRESSIVE;
				CLANG_WARN_UNREACHABLE_CODE = YES;
				CLANG_WARN__DUPLICATE_METHOD_MATCH = YES;
				COPY_PHASE_STRIP = NO;
				DEBUG_INFORMATION_FORMAT = "dwarf-with-dsym";
				ENABLE_NS_ASSERTIONS = NO;
				ENABLE_STRICT_OBJC_MSGSEND = YES;
				FRAMEWORK_SEARCH_PATHS = "$(SRCROOT)/**";
				GCC_C_LANGUAGE_STANDARD = gnu11;
				GCC_NO_COMMON_BLOCKS = YES;
				GCC_WARN_64_TO_32_BIT_CONVERSION = YES;
				GCC_WARN_ABOUT_RETURN_TYPE = YES_ERROR;
				GCC_WARN_UNDECLARED_SELECTOR = YES;
				GCC_WARN_UNINITIALIZED_AUTOS = YES_AGGRESSIVE;
				GCC_WARN_UNUSED_FUNCTION = YES;
				GCC_WARN_UNUSED_VARIABLE = YES;
				MTL_ENABLE_DEBUG_INFO = NO;
				MTL_FAST_MATH = YES;
				SWIFT_COMPILATION_MODE = wholemodule;
				SWIFT_OPTIMIZATION_LEVEL = "-O";
			};
			name = Release;
		};
		BFECF6BC26A24EF00012227F /* Debug */ = {
			isa = XCBuildConfiguration;
			buildSettings = {
				ASSETCATALOG_COMPILER_APPICON_NAME = AppIcon;
				ASSETCATALOG_COMPILER_GLOBAL_ACCENT_COLOR_NAME = AccentColor;
				CODE_SIGN_STYLE = Automatic;
				DEVELOPMENT_TEAM = BT57S69NV3;
				ENABLE_PREVIEWS = YES;
				INFOPLIST_FILE = iOS/Info.plist;
				IPHONEOS_DEPLOYMENT_TARGET = 14.0;
				LD_RUNPATH_SEARCH_PATHS = (
					"$(inherited)",
					"@executable_path/Frameworks",
				);
				PRODUCT_BUNDLE_IDENTIFIER = com.Tsauce.Gifter;
				PRODUCT_NAME = Gifter;
				SDKROOT = iphoneos;
				SWIFT_VERSION = 5.0;
				TARGETED_DEVICE_FAMILY = "1,2";
			};
			name = Debug;
		};
		BFECF6BD26A24EF00012227F /* Release */ = {
			isa = XCBuildConfiguration;
			buildSettings = {
				ASSETCATALOG_COMPILER_APPICON_NAME = AppIcon;
				ASSETCATALOG_COMPILER_GLOBAL_ACCENT_COLOR_NAME = AccentColor;
				CODE_SIGN_STYLE = Automatic;
				DEVELOPMENT_TEAM = BT57S69NV3;
				ENABLE_PREVIEWS = YES;
				INFOPLIST_FILE = iOS/Info.plist;
				IPHONEOS_DEPLOYMENT_TARGET = 14.0;
				LD_RUNPATH_SEARCH_PATHS = (
					"$(inherited)",
					"@executable_path/Frameworks",
				);
				PRODUCT_BUNDLE_IDENTIFIER = com.Tsauce.Gifter;
				PRODUCT_NAME = Gifter;
				SDKROOT = iphoneos;
				SWIFT_VERSION = 5.0;
				TARGETED_DEVICE_FAMILY = "1,2";
				VALIDATE_PRODUCT = YES;
			};
			name = Release;
		};
		BFECF6BF26A24EF00012227F /* Debug */ = {
			isa = XCBuildConfiguration;
			buildSettings = {
				ASSETCATALOG_COMPILER_APPICON_NAME = AppIcon;
				ASSETCATALOG_COMPILER_GLOBAL_ACCENT_COLOR_NAME = AccentColor;
				CODE_SIGN_ENTITLEMENTS = macOS/macOS.entitlements;
				CODE_SIGN_IDENTITY = "Apple Development";
				CODE_SIGN_STYLE = Automatic;
				COMBINE_HIDPI_IMAGES = YES;
				DEVELOPMENT_TEAM = BT57S69NV3;
				ENABLE_HARDENED_RUNTIME = YES;
				ENABLE_PREVIEWS = YES;
				INFOPLIST_FILE = macOS/Info.plist;
				LD_RUNPATH_SEARCH_PATHS = (
					"$(inherited)",
					"@executable_path/../Frameworks",
				);
				MACOSX_DEPLOYMENT_TARGET = 11.0;
				PRODUCT_BUNDLE_IDENTIFIER = com.Tsauce.Gifter;
				PRODUCT_NAME = Gifter;
				SDKROOT = macosx;
				SWIFT_VERSION = 5.0;
			};
			name = Debug;
		};
		BFECF6C026A24EF00012227F /* Release */ = {
			isa = XCBuildConfiguration;
			buildSettings = {
				ASSETCATALOG_COMPILER_APPICON_NAME = AppIcon;
				ASSETCATALOG_COMPILER_GLOBAL_ACCENT_COLOR_NAME = AccentColor;
				CODE_SIGN_ENTITLEMENTS = macOS/macOS.entitlements;
				CODE_SIGN_IDENTITY = "Apple Development";
				CODE_SIGN_STYLE = Automatic;
				COMBINE_HIDPI_IMAGES = YES;
				DEVELOPMENT_TEAM = BT57S69NV3;
				ENABLE_HARDENED_RUNTIME = YES;
				ENABLE_PREVIEWS = YES;
				INFOPLIST_FILE = macOS/Info.plist;
				LD_RUNPATH_SEARCH_PATHS = (
					"$(inherited)",
					"@executable_path/../Frameworks",
				);
				MACOSX_DEPLOYMENT_TARGET = 11.0;
				PRODUCT_BUNDLE_IDENTIFIER = com.Tsauce.Gifter;
				PRODUCT_NAME = Gifter;
				SDKROOT = macosx;
				SWIFT_VERSION = 5.0;
			};
			name = Release;
		};
/* End XCBuildConfiguration section */

/* Begin XCConfigurationList section */
		BFECF69726A24EEF0012227F /* Build configuration list for PBXProject "Gifter" */ = {
			isa = XCConfigurationList;
			buildConfigurations = (
				BFECF6B926A24EF00012227F /* Debug */,
				BFECF6BA26A24EF00012227F /* Release */,
			);
			defaultConfigurationIsVisible = 0;
			defaultConfigurationName = Release;
		};
		BFECF6BB26A24EF00012227F /* Build configuration list for PBXNativeTarget "Gifter (iOS)" */ = {
			isa = XCConfigurationList;
			buildConfigurations = (
				BFECF6BC26A24EF00012227F /* Debug */,
				BFECF6BD26A24EF00012227F /* Release */,
			);
			defaultConfigurationIsVisible = 0;
			defaultConfigurationName = Release;
		};
		BFECF6BE26A24EF00012227F /* Build configuration list for PBXNativeTarget "Gifter (macOS)" */ = {
			isa = XCConfigurationList;
			buildConfigurations = (
				BFECF6BF26A24EF00012227F /* Debug */,
				BFECF6C026A24EF00012227F /* Release */,
			);
			defaultConfigurationIsVisible = 0;
			defaultConfigurationName = Release;
		};
/* End XCConfigurationList section */

/* Begin XCRemoteSwiftPackageReference section */
		BF41127F26B4ED6400BA7D4F /* XCRemoteSwiftPackageReference "Swift-SMTP" */ = {
			isa = XCRemoteSwiftPackageReference;
			repositoryURL = "https://github.com/Kitura/Swift-SMTP";
			requirement = {
				kind = upToNextMajorVersion;
				minimumVersion = 5.1.200;
			};
		};
		BFF8123A26C051B100834B50 /* XCRemoteSwiftPackageReference "Regex" */ = {
			isa = XCRemoteSwiftPackageReference;
			repositoryURL = "https://github.com/crossroadlabs/Regex";
			requirement = {
				kind = upToNextMajorVersion;
				minimumVersion = 1.2.0;
			};
		};
/* End XCRemoteSwiftPackageReference section */

/* Begin XCSwiftPackageProductDependency section */
		BF24840E26B5B29800F06413 /* SwiftSMTP */ = {
			isa = XCSwiftPackageProductDependency;
			package = BF41127F26B4ED6400BA7D4F /* XCRemoteSwiftPackageReference "Swift-SMTP" */;
			productName = SwiftSMTP;
		};
		BF41128026B4ED6400BA7D4F /* SwiftSMTP */ = {
			isa = XCSwiftPackageProductDependency;
			package = BF41127F26B4ED6400BA7D4F /* XCRemoteSwiftPackageReference "Swift-SMTP" */;
			productName = SwiftSMTP;
		};
		BFF8123B26C051B100834B50 /* Regex */ = {
			isa = XCSwiftPackageProductDependency;
			package = BFF8123A26C051B100834B50 /* XCRemoteSwiftPackageReference "Regex" */;
			productName = Regex;
		};
		BFF8123D26C051CE00834B50 /* Regex */ = {
			isa = XCSwiftPackageProductDependency;
			package = BFF8123A26C051B100834B50 /* XCRemoteSwiftPackageReference "Regex" */;
			productName = Regex;
		};
/* End XCSwiftPackageProductDependency section */

/* Begin XCVersionGroup section */
		BFECF69926A24EF00012227F /* GifterStore.xcdatamodeld */ = {
			isa = XCVersionGroup;
			children = (
				BFECF69A26A24EF00012227F /* Shared.xcdatamodel */,
			);
			currentVersion = BFECF69A26A24EF00012227F /* Shared.xcdatamodel */;
			path = GifterStore.xcdatamodeld;
			sourceTree = "<group>";
			versionGroupType = wrapper.xcdatamodel;
		};
/* End XCVersionGroup section */
	};
	rootObject = BFECF69426A24EEF0012227F /* Project object */;
}
